
Microsoft Visual Studio Solution File, Format Version 12.00
# Visual Studio 15
VisualStudioVersion = 15.0.28010.2048
MinimumVisualStudioVersion = 10.0.40219.1
Project("{FAE04EC0-301F-11D3-BF4B-00C04F79EFBC}") = "261218hw", "261218hw\261218hw.csproj", "{AA62C64B-C75D-4A7F-BCFD-5387EFF1E469}"
EndProject
Project("{FAE04EC0-301F-11D3-BF4B-00C04F79EFBC}") = "261218-2", "261218-2\261218-2.csproj", "{2D1B89FE-320B-4E92-BAF7-FEFB4904BE31}"
EndProject
Project("{FAE04EC0-301F-11D3-BF4B-00C04F79EFBC}") = "261218--3", "261218--3\261218--3.csproj", "{7F42B59A-8AA7-4ECB-ABF2-6C93178B31FF}"
EndProject
Project("{FAE04EC0-301F-11D3-BF4B-00C04F79EFBC}") = "sheela4", "sheela4\sheela4.csproj", "{5AD73C2F-E06F-447A-85FF-5B9B32866380}"
EndProject
Global
	GlobalSection(SolutionConfigurationPlatforms) = preSolution
		Debug|Any CPU = Debug|Any CPU
		Release|Any CPU = Release|Any CPU
	EndGlobalSection
	GlobalSection(ProjectConfigurationPlatforms) = postSolution
		{AA62C64B-C75D-4A7F-BCFD-5387EFF1E469}.Debug|Any CPU.ActiveCfg = Debug|Any CPU
		{AA62C64B-C75D-4A7F-BCFD-5387EFF1E469}.Debug|Any CPU.Build.0 = Debug|Any CPU
		{AA62C64B-C75D-4A7F-BCFD-5387EFF1E469}.Release|Any CPU.ActiveCfg = Release|Any CPU
		{AA62C64B-C75D-4A7F-BCFD-5387EFF1E469}.Release|Any CPU.Build.0 = Release|Any CPU
		{2D1B89FE-320B-4E92-BAF7-FEFB4904BE31}.Debug|Any CPU.ActiveCfg = Debug|Any CPU
		{2D1B89FE-320B-4E92-BAF7-FEFB4904BE31}.Debug|Any CPU.Build.0 = Debug|Any CPU
		{2D1B89FE-320B-4E92-BAF7-FEFB4904BE31}.Release|Any CPU.ActiveCfg = Release|Any CPU
		{2D1B89FE-320B-4E92-BAF7-FEFB4904BE31}.Release|Any CPU.Build.0 = Release|Any CPU
		{7F42B59A-8AA7-4ECB-ABF2-6C93178B31FF}.Debug|Any CPU.ActiveCfg = Debug|Any CPU
		{7F42B59A-8AA7-4ECB-ABF2-6C93178B31FF}.Debug|Any CPU.Build.0 = Debug|Any CPU
		{7F42B59A-8AA7-4ECB-ABF2-6C93178B31FF}.Release|Any CPU.ActiveCfg = Release|Any CPU
		{7F42B59A-8AA7-4ECB-ABF2-6C93178B31FF}.Release|Any CPU.Build.0 = Release|Any CPU
		{5AD73C2F-E06F-447A-85FF-5B9B32866380}.Debug|Any CPU.ActiveCfg = Debug|Any CPU
		{5AD73C2F-E06F-447A-85FF-5B9B32866380}.Debug|Any CPU.Build.0 = Debug|Any CPU
		{5AD73C2F-E06F-447A-85FF-5B9B32866380}.Release|Any CPU.ActiveCfg = Release|Any CPU
		{5AD73C2F-E06F-447A-85FF-5B9B32866380}.Release|Any CPU.Build.0 = Release|Any CPU
	EndGlobalSection
	GlobalSection(SolutionProperties) = preSolution
		HideSolutionNode = FALSE
	EndGlobalSection
	GlobalSection(ExtensibilityGlobals) = postSolution
		SolutionGuid = {895DA67B-1EEE-45E0-8D0A-D1A77482516C}
	EndGlobalSection
EndGlobal
